{
  "nodes": {
    "nixpkgs": {
      "locked": {
        "lastModified": 1787459244,
        "narHash": "sha256-PkXGF8gS2ZlQuh/Rq7bsvw9Prkq3gluQWIxjou3WeV8=",
        "owner": "NixOS",
        "repo": "nixpkgs",
        "rev": "3f7e52bc1f2c93b805ba62ce5754306b72b72fcb",
        "type": "github"
      },
      "original": {
        "owner": "NixOS",
        "repo": "nixpkgs",
        "type": "github"
      }
    },
    "root": {
      "inputs": {
        "nixpkgs": "nixpkgs"
      }
    }
  },
  "root": "root",
  "version": 7
}
